
Microsoft Visual Studio Solution File, Format Version 12.00
# Visual Studio 14
VisualStudioVersion = 14.0.24720.0
MinimumVisualStudioVersion = 10.0.40219.1
Project("{FAE04EC0-301F-11D3-BF4B-00C04F79EFBC}") = "CodeFighter", "CodeFighter\CodeFighter.csproj", "{55E3B44B-C911-4D23-9747-D9DBE61568D1}"
EndProject
Project("{FAE04EC0-301F-11D3-BF4B-00C04F79EFBC}") = "CodeFighter.Features", "CodeFighter.Features\CodeFighter.Features.csproj", "{072CDF28-54C6-4E0F-ACFA-282B08778C02}"
EndProject
Project("{FAE04EC0-301F-11D3-BF4B-00C04F79EFBC}") = "CodeFighters.UITests", "CodeFighters.UITests\CodeFighters.UITests.csproj", "{5F0A20E8-7B9C-4D52-9067-9E093C8C915B}"
EndProject
Project("{FAE04EC0-301F-11D3-BF4B-00C04F79EFBC}") = "CodeFighter.Tests", "CodeFighter.Tests\CodeFighter.Tests.csproj", "{429669D8-698B-4554-9B7F-0F426F594262}"
EndProject
Global
	GlobalSection(SolutionConfigurationPlatforms) = preSolution
		Debug|Any CPU = Debug|Any CPU
		Release|Any CPU = Release|Any CPU
	EndGlobalSection
	GlobalSection(ProjectConfigurationPlatforms) = postSolution
		{55E3B44B-C911-4D23-9747-D9DBE61568D1}.Debug|Any CPU.ActiveCfg = Debug|Any CPU
		{55E3B44B-C911-4D23-9747-D9DBE61568D1}.Debug|Any CPU.Build.0 = Debug|Any CPU
		{55E3B44B-C911-4D23-9747-D9DBE61568D1}.Release|Any CPU.ActiveCfg = Release|Any CPU
		{55E3B44B-C911-4D23-9747-D9DBE61568D1}.Release|Any CPU.Build.0 = Release|Any CPU
		{072CDF28-54C6-4E0F-ACFA-282B08778C02}.Debug|Any CPU.ActiveCfg = Debug|Any CPU
		{072CDF28-54C6-4E0F-ACFA-282B08778C02}.Debug|Any CPU.Build.0 = Debug|Any CPU
		{072CDF28-54C6-4E0F-ACFA-282B08778C02}.Release|Any CPU.ActiveCfg = Release|Any CPU
		{072CDF28-54C6-4E0F-ACFA-282B08778C02}.Release|Any CPU.Build.0 = Release|Any CPU
		{5F0A20E8-7B9C-4D52-9067-9E093C8C915B}.Debug|Any CPU.ActiveCfg = Debug|Any CPU
		{5F0A20E8-7B9C-4D52-9067-9E093C8C915B}.Debug|Any CPU.Build.0 = Debug|Any CPU
		{5F0A20E8-7B9C-4D52-9067-9E093C8C915B}.Release|Any CPU.ActiveCfg = Release|Any CPU
		{5F0A20E8-7B9C-4D52-9067-9E093C8C915B}.Release|Any CPU.Build.0 = Release|Any CPU
		{429669D8-698B-4554-9B7F-0F426F594262}.Debug|Any CPU.ActiveCfg = Debug|Any CPU
		{429669D8-698B-4554-9B7F-0F426F594262}.Debug|Any CPU.Build.0 = Debug|Any CPU
		{429669D8-698B-4554-9B7F-0F426F594262}.Release|Any CPU.ActiveCfg = Release|Any CPU
		{429669D8-698B-4554-9B7F-0F426F594262}.Release|Any CPU.Build.0 = Release|Any CPU
	EndGlobalSection
	GlobalSection(SolutionProperties) = preSolution
		HideSolutionNode = FALSE
	EndGlobalSection
EndGlobal
